
Microsoft Visual Studio Solution File, Format Version 12.00
# Visual Studio Version 18
VisualStudioVersion = 18.0.11010.61
MinimumVisualStudioVersion = 15.0.26124.0
Project("{2150E333-8FDC-42A3-9474-1A3956D46DE8}") = "src", "src", "{2999BE8A-2C03-4997-957A-66142629BCD5}"
EndProject
Project("{2150E333-8FDC-42A3-9474-1A3956D46DE8}") = "tests", "tests", "{44ED8342-082C-465B-A52B-92E35CFFF5FF}"
EndProject
Project("{2150E333-8FDC-42A3-9474-1A3956D46DE8}") = "_Solution Items", "_Solution Items", "{70942B41-08AF-4D88-A95A-31811AD32599}"
	ProjectSection(SolutionItems) = preProject
		.editorconfig = .editorconfig
	EndProjectSection
EndProject
Project("{FAE04EC0-301F-11D3-BF4B-00C04F79EFBC}") = "TechFood.Shared.Application", "src\TechFood.Shared.Application\TechFood.Shared.Application.csproj", "{425829DE-4CD3-B655-F48B-7DBEB6AD30D1}"
EndProject
Project("{FAE04EC0-301F-11D3-BF4B-00C04F79EFBC}") = "TechFood.Shared.Domain", "src\TechFood.Shared.Domain\TechFood.Shared.Domain.csproj", "{74D4E2EE-7C4B-ECF9-F4E8-56C89C0BBCA3}"
EndProject
Project("{FAE04EC0-301F-11D3-BF4B-00C04F79EFBC}") = "TechFood.Shared.Infra", "src\TechFood.Shared.Infra\TechFood.Shared.Infra.csproj", "{496A6521-7FD4-4333-69AF-8F382AF915A3}"
EndProject
Project("{FAE04EC0-301F-11D3-BF4B-00C04F79EFBC}") = "TechFood.Shared.Presentation", "src\TechFood.Shared.Presentation\TechFood.Shared.Presentation.csproj", "{52A79443-740B-137A-8807-B680D8ED34D8}"
EndProject
Project("{FAE04EC0-301F-11D3-BF4B-00C04F79EFBC}") = "TechFood.Shared.Worker", "src\TechFood.Shared.Worker\TechFood.Shared.Worker.csproj", "{073231CE-2F36-7FF8-96A3-CF6158590753}"
EndProject
Global
	GlobalSection(SolutionConfigurationPlatforms) = preSolution
		Debug|Any CPU = Debug|Any CPU
		Release|Any CPU = Release|Any CPU
	EndGlobalSection
	GlobalSection(ProjectConfigurationPlatforms) = postSolution
		{425829DE-4CD3-B655-F48B-7DBEB6AD30D1}.Debug|Any CPU.ActiveCfg = Debug|Any CPU
		{425829DE-4CD3-B655-F48B-7DBEB6AD30D1}.Debug|Any CPU.Build.0 = Debug|Any CPU
		{425829DE-4CD3-B655-F48B-7DBEB6AD30D1}.Release|Any CPU.ActiveCfg = Release|Any CPU
		{425829DE-4CD3-B655-F48B-7DBEB6AD30D1}.Release|Any CPU.Build.0 = Release|Any CPU
		{74D4E2EE-7C4B-ECF9-F4E8-56C89C0BBCA3}.Debug|Any CPU.ActiveCfg = Debug|Any CPU
		{74D4E2EE-7C4B-ECF9-F4E8-56C89C0BBCA3}.Debug|Any CPU.Build.0 = Debug|Any CPU
		{74D4E2EE-7C4B-ECF9-F4E8-56C89C0BBCA3}.Release|Any CPU.ActiveCfg = Release|Any CPU
		{74D4E2EE-7C4B-ECF9-F4E8-56C89C0BBCA3}.Release|Any CPU.Build.0 = Release|Any CPU
		{496A6521-7FD4-4333-69AF-8F382AF915A3}.Debug|Any CPU.ActiveCfg = Debug|Any CPU
		{496A6521-7FD4-4333-69AF-8F382AF915A3}.Debug|Any CPU.Build.0 = Debug|Any CPU
		{496A6521-7FD4-4333-69AF-8F382AF915A3}.Release|Any CPU.ActiveCfg = Release|Any CPU
		{496A6521-7FD4-4333-69AF-8F382AF915A3}.Release|Any CPU.Build.0 = Release|Any CPU
		{52A79443-740B-137A-8807-B680D8ED34D8}.Debug|Any CPU.ActiveCfg = Debug|Any CPU
		{52A79443-740B-137A-8807-B680D8ED34D8}.Debug|Any CPU.Build.0 = Debug|Any CPU
		{52A79443-740B-137A-8807-B680D8ED34D8}.Release|Any CPU.ActiveCfg = Release|Any CPU
		{52A79443-740B-137A-8807-B680D8ED34D8}.Release|Any CPU.Build.0 = Release|Any CPU
		{073231CE-2F36-7FF8-96A3-CF6158590753}.Debug|Any CPU.ActiveCfg = Debug|Any CPU
		{073231CE-2F36-7FF8-96A3-CF6158590753}.Debug|Any CPU.Build.0 = Debug|Any CPU
		{073231CE-2F36-7FF8-96A3-CF6158590753}.Release|Any CPU.ActiveCfg = Release|Any CPU
		{073231CE-2F36-7FF8-96A3-CF6158590753}.Release|Any CPU.Build.0 = Release|Any CPU
	EndGlobalSection
	GlobalSection(SolutionProperties) = preSolution
		HideSolutionNode = FALSE
	EndGlobalSection
	GlobalSection(NestedProjects) = preSolution
		{425829DE-4CD3-B655-F48B-7DBEB6AD30D1} = {2999BE8A-2C03-4997-957A-66142629BCD5}
		{74D4E2EE-7C4B-ECF9-F4E8-56C89C0BBCA3} = {2999BE8A-2C03-4997-957A-66142629BCD5}
		{496A6521-7FD4-4333-69AF-8F382AF915A3} = {2999BE8A-2C03-4997-957A-66142629BCD5}
		{52A79443-740B-137A-8807-B680D8ED34D8} = {2999BE8A-2C03-4997-957A-66142629BCD5}
		{073231CE-2F36-7FF8-96A3-CF6158590753} = {2999BE8A-2C03-4997-957A-66142629BCD5}
	EndGlobalSection
	GlobalSection(ExtensibilityGlobals) = postSolution
		SolutionGuid = {08492C5F-0B0F-4434-9AAF-5ED0298B15BF}
	EndGlobalSection
EndGlobal
